
Microsoft Visual Studio Solution File, Format Version 12.00
# Visual Studio Version 17
VisualStudioVersion = 17.7.34031.279
MinimumVisualStudioVersion = 10.0.40219.1
Project("{FAE04EC0-301F-11D3-BF4B-00C04F79EFBC}") = "Lab_5_2", "Lab_5_2\Lab_5_2.csproj", "{9F8DE210-9C32-42C4-87E9-021A12DAE7CE}"
EndProject
Global
	GlobalSection(SolutionConfigurationPlatforms) = preSolution
		Debug|Any CPU = Debug|Any CPU
		Release|Any CPU = Release|Any CPU
	EndGlobalSection
	GlobalSection(ProjectConfigurationPlatforms) = postSolution
		{9F8DE210-9C32-42C4-87E9-021A12DAE7CE}.Debug|Any CPU.ActiveCfg = Debug|Any CPU
		{9F8DE210-9C32-42C4-87E9-021A12DAE7CE}.Debug|Any CPU.Build.0 = Debug|Any CPU
		{9F8DE210-9C32-42C4-87E9-021A12DAE7CE}.Release|Any CPU.ActiveCfg = Release|Any CPU
		{9F8DE210-9C32-42C4-87E9-021A12DAE7CE}.Release|Any CPU.Build.0 = Release|Any CPU
	EndGlobalSection
	GlobalSection(SolutionProperties) = preSolution
		HideSolutionNode = FALSE
	EndGlobalSection
	GlobalSection(ExtensibilityGlobals) = postSolution
		SolutionGuid = {338CCD13-6AA7-4506-9EE4-2084D1A6404E}
	EndGlobalSection
EndGlobal
