
Microsoft Visual Studio Solution File, Format Version 12.00
# Visual Studio Version 17
VisualStudioVersion = 17.7.34031.279
MinimumVisualStudioVersion = 10.0.40219.1
Project("{FAE04EC0-301F-11D3-BF4B-00C04F79EFBC}") = "Lab_5_5", "Lab_5_5\Lab_5_5.csproj", "{DBACE1C7-FB35-4C9C-8568-DEE55117CA0C}"
EndProject
Global
	GlobalSection(SolutionConfigurationPlatforms) = preSolution
		Debug|Any CPU = Debug|Any CPU
		Release|Any CPU = Release|Any CPU
	EndGlobalSection
	GlobalSection(ProjectConfigurationPlatforms) = postSolution
		{DBACE1C7-FB35-4C9C-8568-DEE55117CA0C}.Debug|Any CPU.ActiveCfg = Debug|Any CPU
		{DBACE1C7-FB35-4C9C-8568-DEE55117CA0C}.Debug|Any CPU.Build.0 = Debug|Any CPU
		{DBACE1C7-FB35-4C9C-8568-DEE55117CA0C}.Release|Any CPU.ActiveCfg = Release|Any CPU
		{DBACE1C7-FB35-4C9C-8568-DEE55117CA0C}.Release|Any CPU.Build.0 = Release|Any CPU
	EndGlobalSection
	GlobalSection(SolutionProperties) = preSolution
		HideSolutionNode = FALSE
	EndGlobalSection
	GlobalSection(ExtensibilityGlobals) = postSolution
		SolutionGuid = {5CCBB19F-FF23-44C1-9B92-C7C9092B8BB1}
	EndGlobalSection
EndGlobal
